
Microsoft Visual Studio Solution File, Format Version 12.00
# Visual Studio Version 16
VisualStudioVersion = 16.0.30621.155
MinimumVisualStudioVersion = 10.0.40219.1
Project("{2150E333-8FDC-42A3-9474-1A3956D46DE8}") = "CPP", "CPP", "{CEB5BA3B-CDAD-4A8B-80EC-34DA2A0B179A}"
EndProject
Project("{2150E333-8FDC-42A3-9474-1A3956D46DE8}") = "CLI", "CLI", "{0021FE25-87AE-4E4C-BD5E-459D76401891}"
EndProject
Project("{8BC9CEB8-8B4A-11D0-8D11-00A0C91BC942}") = "03_zSpace_InterOp", "projects\CPP\zInterOp\zInterOp.vcxproj", "{008A0868-797E-41BD-B311-A96E1EF03C47}"
EndProject
Project("{8BC9CEB8-8B4A-11D0-8D11-00A0C91BC942}") = "zSpace_App", "projects\CPP\zSpace_App\zSpace_App.vcxproj", "{5F19DD3E-5025-4479-9A19-47C0658A3943}"
EndProject
Project("{8BC9CEB8-8B4A-11D0-8D11-00A0C91BC942}") = "01_zSpace_Core", "projects\CPP\zSpace_Core\zCore.vcxproj", "{F9AC6DF0-6BF4-467F-891D-1886084332FE}"
EndProject
Project("{8BC9CEB8-8B4A-11D0-8D11-00A0C91BC942}") = "02_zSpace_Interface", "projects\CPP\zSpace_Interface\zInterface.vcxproj", "{2F6830C0-A2D1-4FC9-A7E9-C9799CD89CC3}"
EndProject
Project("{8BC9CEB8-8B4A-11D0-8D11-00A0C91BC942}") = "04_zSpace_Toolsets", "projects\CPP\zSpace_Toolsets\zSpace_Toolsets.vcxproj", "{AC6C11FF-1F49-4025-87EC-F25C219971F4}"
EndProject
Project("{8BC9CEB8-8B4A-11D0-8D11-00A0C91BC942}") = "zSpace_Managed_Core", "projects\CLI\CLI_zSpace_Core\CLI_zSpace_Core.vcxproj", "{300F76A8-7EC7-491E-BD0A-74F0C3DB80FF}"
EndProject
Project("{8BC9CEB8-8B4A-11D0-8D11-00A0C91BC942}") = "05_zSpace_ArchGeom", "projects\CPP\zSpace_ArchGeom\zSpace_ArchGeom.vcxproj", "{C7138C4B-61AA-4D2E-9780-2B3F07B6F626}"
EndProject
Project("{2150E333-8FDC-42A3-9474-1A3956D46DE8}") = "01_Core", "01_Core", "{043D7BB0-CEC4-408E-9C02-71DC2EBD540D}"
EndProject
Project("{2150E333-8FDC-42A3-9474-1A3956D46DE8}") = "02_Interface", "02_Interface", "{2AC0C666-44D4-4186-84B3-3DD7DEA8BFA9}"
EndProject
Project("{2150E333-8FDC-42A3-9474-1A3956D46DE8}") = "04_Toolsets", "04_Toolsets", "{B89E8C7C-DEC9-446B-B152-1793279FC5AB}"
EndProject
Project("{2150E333-8FDC-42A3-9474-1A3956D46DE8}") = "03_Interop", "03_Interop", "{57B6FF56-B5D5-473B-B258-3059A3FC6757}"
EndProject
Project("{2150E333-8FDC-42A3-9474-1A3956D46DE8}") = "00_App", "00_App", "{1BF4AA95-0C95-4448-80E9-02B48C827005}"
EndProject
Project("{2150E333-8FDC-42A3-9474-1A3956D46DE8}") = "05_ArchGeom", "05_ArchGeom", "{32194D16-12A4-4220-B3D3-D6C2937FE87C}"
EndProject
Project("{2150E333-8FDC-42A3-9474-1A3956D46DE8}") = "07_Cuda", "07_Cuda", "{6F73DF29-356C-4EFD-9B3D-C5399C12B68B}"
EndProject
Project("{8BC9CEB8-8B4A-11D0-8D11-00A0C91BC942}") = "07_zSpace_CUDA_Toolsets", "projects\CPP\zSpace_CUDA_Toolsets\zSpace_CUDA_Toolsets.vcxproj", "{D4DDFD61-565A-432E-B78E-874A9EAC13BB}"
EndProject
Project("{2150E333-8FDC-42A3-9474-1A3956D46DE8}") = "06_Housing", "06_Housing", "{7FAB07C3-FB29-44F9-B1DE-399DBC8BCF11}"
EndProject
Project("{8BC9CEB8-8B4A-11D0-8D11-00A0C91BC942}") = "06_zSpace_Housing", "projects\CPP\zSpace_Housing\zSpace_Housing.vcxproj", "{D598A643-5E22-4A0F-8E79-BEA9AE39B02A}"
EndProject
Project("{2150E333-8FDC-42A3-9474-1A3956D46DE8}") = "08_Configurator", "08_Configurator", "{FCABC916-E072-4893-95C0-AF914A37888F}"
EndProject
Project("{8BC9CEB8-8B4A-11D0-8D11-00A0C91BC942}") = "08_zSpace_Configurator", "projects\CPP\zSpace_Configurator\zSpace_Configurator\zSpace_Configurator.vcxproj", "{B02396B6-11D1-46AE-8A2D-301AD8F5919C}"
EndProject
Global
	GlobalSection(SolutionConfigurationPlatforms) = preSolution
		Debug_DLL|x64 = Debug_DLL|x64
		Debug_DLL|x86 = Debug_DLL|x86
		Debug|x64 = Debug|x64
		Debug|x86 = Debug|x86
		Release_DLL|x64 = Release_DLL|x64
		Release_DLL|x86 = Release_DLL|x86
		Release_Make|x64 = Release_Make|x64
		Release_Make|x86 = Release_Make|x86
		Release_Unreal|x64 = Release_Unreal|x64
		Release_Unreal|x86 = Release_Unreal|x86
		Release|x64 = Release|x64
		Release|x86 = Release|x86
	EndGlobalSection
	GlobalSection(ProjectConfigurationPlatforms) = postSolution
		{008A0868-797E-41BD-B311-A96E1EF03C47}.Debug_DLL|x64.ActiveCfg = Debug|x64
		{008A0868-797E-41BD-B311-A96E1EF03C47}.Debug_DLL|x64.Build.0 = Debug|x64
		{008A0868-797E-41BD-B311-A96E1EF03C47}.Debug_DLL|x86.ActiveCfg = Release|x64
		{008A0868-797E-41BD-B311-A96E1EF03C47}.Debug_DLL|x86.Build.0 = Release|x64
		{008A0868-797E-41BD-B311-A96E1EF03C47}.Debug|x64.ActiveCfg = Debug|x64
		{008A0868-797E-41BD-B311-A96E1EF03C47}.Debug|x64.Build.0 = Debug|x64
		{008A0868-797E-41BD-B311-A96E1EF03C47}.Debug|x86.ActiveCfg = Debug|x64
		{008A0868-797E-41BD-B311-A96E1EF03C47}.Release_DLL|x64.ActiveCfg = Release_DLL|x64
		{008A0868-797E-41BD-B311-A96E1EF03C47}.Release_DLL|x86.ActiveCfg = Release_DLL|x64
		{008A0868-797E-41BD-B311-A96E1EF03C47}.Release_Make|x64.ActiveCfg = Release_DLL|x64
		{008A0868-797E-41BD-B311-A96E1EF03C47}.Release_Make|x64.Build.0 = Release_DLL|x64
		{008A0868-797E-41BD-B311-A96E1EF03C47}.Release_Make|x86.ActiveCfg = Release|x64
		{008A0868-797E-41BD-B311-A96E1EF03C47}.Release_Make|x86.Build.0 = Release|x64
		{008A0868-797E-41BD-B311-A96E1EF03C47}.Release_Unreal|x64.ActiveCfg = Release_Unreal|x64
		{008A0868-797E-41BD-B311-A96E1EF03C47}.Release_Unreal|x86.ActiveCfg = Release_Unreal|x64
		{008A0868-797E-41BD-B311-A96E1EF03C47}.Release|x64.ActiveCfg = Release|x64
		{008A0868-797E-41BD-B311-A96E1EF03C47}.Release|x86.ActiveCfg = Release|x64
		{5F19DD3E-5025-4479-9A19-47C0658A3943}.Debug_DLL|x64.ActiveCfg = Debug|x64
		{5F19DD3E-5025-4479-9A19-47C0658A3943}.Debug_DLL|x64.Build.0 = Debug|x64
		{5F19DD3E-5025-4479-9A19-47C0658A3943}.Debug_DLL|x86.ActiveCfg = Release|x64
		{5F19DD3E-5025-4479-9A19-47C0658A3943}.Debug_DLL|x86.Build.0 = Release|x64
		{5F19DD3E-5025-4479-9A19-47C0658A3943}.Debug|x64.ActiveCfg = Debug|x64
		{5F19DD3E-5025-4479-9A19-47C0658A3943}.Debug|x64.Build.0 = Debug|x64
		{5F19DD3E-5025-4479-9A19-47C0658A3943}.Debug|x86.ActiveCfg = Debug|x64
		{5F19DD3E-5025-4479-9A19-47C0658A3943}.Release_DLL|x64.ActiveCfg = Release_DLL|x64
		{5F19DD3E-5025-4479-9A19-47C0658A3943}.Release_DLL|x86.ActiveCfg = Release_DLL|x64
		{5F19DD3E-5025-4479-9A19-47C0658A3943}.Release_DLL|x86.Build.0 = Release_DLL|x64
		{5F19DD3E-5025-4479-9A19-47C0658A3943}.Release_Make|x64.ActiveCfg = Release_Unreal|x64
		{5F19DD3E-5025-4479-9A19-47C0658A3943}.Release_Make|x64.Build.0 = Release_Unreal|x64
		{5F19DD3E-5025-4479-9A19-47C0658A3943}.Release_Make|x86.ActiveCfg = Release_Unreal|x64
		{5F19DD3E-5025-4479-9A19-47C0658A3943}.Release_Make|x86.Build.0 = Release_Unreal|x64
		{5F19DD3E-5025-4479-9A19-47C0658A3943}.Release_Unreal|x64.ActiveCfg = Release_Unreal|x64
		{5F19DD3E-5025-4479-9A19-47C0658A3943}.Release_Unreal|x86.ActiveCfg = Release_Unreal|x64
		{5F19DD3E-5025-4479-9A19-47C0658A3943}.Release|x64.ActiveCfg = Release|x64
		{5F19DD3E-5025-4479-9A19-47C0658A3943}.Release|x86.ActiveCfg = Release|x64
		{F9AC6DF0-6BF4-467F-891D-1886084332FE}.Debug_DLL|x64.ActiveCfg = Debug|x64
		{F9AC6DF0-6BF4-467F-891D-1886084332FE}.Debug_DLL|x64.Build.0 = Debug|x64
		{F9AC6DF0-6BF4-467F-891D-1886084332FE}.Debug_DLL|x86.ActiveCfg = Release|x64
		{F9AC6DF0-6BF4-467F-891D-1886084332FE}.Debug_DLL|x86.Build.0 = Release|x64
		{F9AC6DF0-6BF4-467F-891D-1886084332FE}.Debug|x64.ActiveCfg = Debug|x64
		{F9AC6DF0-6BF4-467F-891D-1886084332FE}.Debug|x64.Build.0 = Debug|x64
		{F9AC6DF0-6BF4-467F-891D-1886084332FE}.Debug|x86.ActiveCfg = Debug|x64
		{F9AC6DF0-6BF4-467F-891D-1886084332FE}.Release_DLL|x64.ActiveCfg = Release_DLL|x64
		{F9AC6DF0-6BF4-467F-891D-1886084332FE}.Release_DLL|x64.Build.0 = Release_DLL|x64
		{F9AC6DF0-6BF4-467F-891D-1886084332FE}.Release_DLL|x86.ActiveCfg = Release_DLL|x64
		{F9AC6DF0-6BF4-467F-891D-1886084332FE}.Release_DLL|x86.Build.0 = Release_DLL|x64
		{F9AC6DF0-6BF4-467F-891D-1886084332FE}.Release_Make|x64.ActiveCfg = Release_Unreal|x64
		{F9AC6DF0-6BF4-467F-891D-1886084332FE}.Release_Make|x64.Build.0 = Release_Unreal|x64
		{F9AC6DF0-6BF4-467F-891D-1886084332FE}.Release_Make|x86.ActiveCfg = Release_Unreal|x64
		{F9AC6DF0-6BF4-467F-891D-1886084332FE}.Release_Make|x86.Build.0 = Release_Unreal|x64
		{F9AC6DF0-6BF4-467F-891D-1886084332FE}.Release_Unreal|x64.ActiveCfg = Release_Unreal|x64
		{F9AC6DF0-6BF4-467F-891D-1886084332FE}.Release_Unreal|x64.Build.0 = Release_Unreal|x64
		{F9AC6DF0-6BF4-467F-891D-1886084332FE}.Release_Unreal|x86.ActiveCfg = Release_Unreal|x64
		{F9AC6DF0-6BF4-467F-891D-1886084332FE}.Release|x64.ActiveCfg = Release|x64
		{F9AC6DF0-6BF4-467F-891D-1886084332FE}.Release|x64.Build.0 = Release|x64
		{F9AC6DF0-6BF4-467F-891D-1886084332FE}.Release|x86.ActiveCfg = Release|x64
		{2F6830C0-A2D1-4FC9-A7E9-C9799CD89CC3}.Debug_DLL|x64.ActiveCfg = Debug|x64
		{2F6830C0-A2D1-4FC9-A7E9-C9799CD89CC3}.Debug_DLL|x64.Build.0 = Debug|x64
		{2F6830C0-A2D1-4FC9-A7E9-C9799CD89CC3}.Debug_DLL|x86.ActiveCfg = Release|x64
		{2F6830C0-A2D1-4FC9-A7E9-C9799CD89CC3}.Debug_DLL|x86.Build.0 = Release|x64
		{2F6830C0-A2D1-4FC9-A7E9-C9799CD89CC3}.Debug|x64.ActiveCfg = Debug|x64
		{2F6830C0-A2D1-4FC9-A7E9-C9799CD89CC3}.Debug|x64.Build.0 = Debug|x64
		{2F6830C0-A2D1-4FC9-A7E9-C9799CD89CC3}.Debug|x86.ActiveCfg = Debug|x64
		{2F6830C0-A2D1-4FC9-A7E9-C9799CD89CC3}.Release_DLL|x64.ActiveCfg = Release_DLL|x64
		{2F6830C0-A2D1-4FC9-A7E9-C9799CD89CC3}.Release_DLL|x64.Build.0 = Release_DLL|x64
		{2F6830C0-A2D1-4FC9-A7E9-C9799CD89CC3}.Release_DLL|x86.ActiveCfg = Release_DLL|x64
		{2F6830C0-A2D1-4FC9-A7E9-C9799CD89CC3}.Release_DLL|x86.Build.0 = Release_DLL|x64
		{2F6830C0-A2D1-4FC9-A7E9-C9799CD89CC3}.Release_Make|x64.ActiveCfg = Release_Unreal|x64
		{2F6830C0-A2D1-4FC9-A7E9-C9799CD89CC3}.Release_Make|x64.Build.0 = Release_Unreal|x64
		{2F6830C0-A2D1-4FC9-A7E9-C9799CD89CC3}.Release_Make|x86.ActiveCfg = Release_Unreal|x64
		{2F6830C0-A2D1-4FC9-A7E9-C9799CD89CC3}.Release_Make|x86.Build.0 = Release_Unreal|x64
		{2F6830C0-A2D1-4FC9-A7E9-C9799CD89CC3}.Release_Unreal|x64.ActiveCfg = Release_Unreal|x64
		{2F6830C0-A2D1-4FC9-A7E9-C9799CD89CC3}.Release_Unreal|x64.Build.0 = Release_Unreal|x64
		{2F6830C0-A2D1-4FC9-A7E9-C9799CD89CC3}.Release_Unreal|x86.ActiveCfg = Release_Unreal|x64
		{2F6830C0-A2D1-4FC9-A7E9-C9799CD89CC3}.Release|x64.ActiveCfg = Release|x64
		{2F6830C0-A2D1-4FC9-A7E9-C9799CD89CC3}.Release|x64.Build.0 = Release|x64
		{2F6830C0-A2D1-4FC9-A7E9-C9799CD89CC3}.Release|x86.ActiveCfg = Release|x64
		{AC6C11FF-1F49-4025-87EC-F25C219971F4}.Debug_DLL|x64.ActiveCfg = Debug_DLL|x64
		{AC6C11FF-1F49-4025-87EC-F25C219971F4}.Debug_DLL|x64.Build.0 = Debug_DLL|x64
		{AC6C11FF-1F49-4025-87EC-F25C219971F4}.Debug_DLL|x86.ActiveCfg = Debug_DLL|x64
		{AC6C11FF-1F49-4025-87EC-F25C219971F4}.Debug|x64.ActiveCfg = Debug|x64
		{AC6C11FF-1F49-4025-87EC-F25C219971F4}.Debug|x64.Build.0 = Debug|x64
		{AC6C11FF-1F49-4025-87EC-F25C219971F4}.Debug|x86.ActiveCfg = Debug|x64
		{AC6C11FF-1F49-4025-87EC-F25C219971F4}.Release_DLL|x64.ActiveCfg = Release_DLL|x64
		{AC6C11FF-1F49-4025-87EC-F25C219971F4}.Release_DLL|x64.Build.0 = Release_DLL|x64
		{AC6C11FF-1F49-4025-87EC-F25C219971F4}.Release_DLL|x86.ActiveCfg = Release_DLL|x64
		{AC6C11FF-1F49-4025-87EC-F25C219971F4}.Release_DLL|x86.Build.0 = Release_DLL|x64
		{AC6C11FF-1F49-4025-87EC-F25C219971F4}.Release_Make|x64.ActiveCfg = Release_Unreal|x64
		{AC6C11FF-1F49-4025-87EC-F25C219971F4}.Release_Make|x64.Build.0 = Release_Unreal|x64
		{AC6C11FF-1F49-4025-87EC-F25C219971F4}.Release_Make|x86.ActiveCfg = Release|x64
		{AC6C11FF-1F49-4025-87EC-F25C219971F4}.Release_Make|x86.Build.0 = Release|x64
		{AC6C11FF-1F49-4025-87EC-F25C219971F4}.Release_Unreal|x64.ActiveCfg = Release_Unreal|x64
		{AC6C11FF-1F49-4025-87EC-F25C219971F4}.Release_Unreal|x64.Build.0 = Release_Unreal|x64
		{AC6C11FF-1F49-4025-87EC-F25C219971F4}.Release_Unreal|x86.ActiveCfg = Release_Unreal|x64
		{AC6C11FF-1F49-4025-87EC-F25C219971F4}.Release|x64.ActiveCfg = Release|x64
		{AC6C11FF-1F49-4025-87EC-F25C219971F4}.Release|x64.Build.0 = Release|x64
		{AC6C11FF-1F49-4025-87EC-F25C219971F4}.Release|x86.ActiveCfg = Release|x64
		{300F76A8-7EC7-491E-BD0A-74F0C3DB80FF}.Debug_DLL|x64.ActiveCfg = Debug|x64
		{300F76A8-7EC7-491E-BD0A-74F0C3DB80FF}.Debug_DLL|x64.Build.0 = Debug|x64
		{300F76A8-7EC7-491E-BD0A-74F0C3DB80FF}.Debug_DLL|x86.ActiveCfg = Debug|Win32
		{300F76A8-7EC7-491E-BD0A-74F0C3DB80FF}.Debug_DLL|x86.Build.0 = Debug|Win32
		{300F76A8-7EC7-491E-BD0A-74F0C3DB80FF}.Debug|x64.ActiveCfg = Debug|x64
		{300F76A8-7EC7-491E-BD0A-74F0C3DB80FF}.Debug|x64.Build.0 = Debug|x64
		{300F76A8-7EC7-491E-BD0A-74F0C3DB80FF}.Debug|x86.ActiveCfg = Debug|Win32
		{300F76A8-7EC7-491E-BD0A-74F0C3DB80FF}.Debug|x86.Build.0 = Debug|Win32
		{300F76A8-7EC7-491E-BD0A-74F0C3DB80FF}.Release_DLL|x64.ActiveCfg = Release|x64
		{300F76A8-7EC7-491E-BD0A-74F0C3DB80FF}.Release_DLL|x86.ActiveCfg = Release|Win32
		{300F76A8-7EC7-491E-BD0A-74F0C3DB80FF}.Release_DLL|x86.Build.0 = Release|Win32
		{300F76A8-7EC7-491E-BD0A-74F0C3DB80FF}.Release_Make|x64.ActiveCfg = Release|x64
		{300F76A8-7EC7-491E-BD0A-74F0C3DB80FF}.Release_Make|x64.Build.0 = Release|x64
		{300F76A8-7EC7-491E-BD0A-74F0C3DB80FF}.Release_Make|x86.ActiveCfg = Release|Win32
		{300F76A8-7EC7-491E-BD0A-74F0C3DB80FF}.Release_Make|x86.Build.0 = Release|Win32
		{300F76A8-7EC7-491E-BD0A-74F0C3DB80FF}.Release_Unreal|x64.ActiveCfg = Release_Unreal|x64
		{300F76A8-7EC7-491E-BD0A-74F0C3DB80FF}.Release_Unreal|x86.ActiveCfg = Release_Unreal|Win32
		{300F76A8-7EC7-491E-BD0A-74F0C3DB80FF}.Release|x64.ActiveCfg = Release|x64
		{300F76A8-7EC7-491E-BD0A-74F0C3DB80FF}.Release|x86.ActiveCfg = Release|Win32
		{300F76A8-7EC7-491E-BD0A-74F0C3DB80FF}.Release|x86.Build.0 = Release|Win32
		{C7138C4B-61AA-4D2E-9780-2B3F07B6F626}.Debug_DLL|x64.ActiveCfg = Debug|x64
		{C7138C4B-61AA-4D2E-9780-2B3F07B6F626}.Debug_DLL|x64.Build.0 = Debug|x64
		{C7138C4B-61AA-4D2E-9780-2B3F07B6F626}.Debug_DLL|x86.ActiveCfg = Debug|Win32
		{C7138C4B-61AA-4D2E-9780-2B3F07B6F626}.Debug_DLL|x86.Build.0 = Debug|Win32
		{C7138C4B-61AA-4D2E-9780-2B3F07B6F626}.Debug|x64.ActiveCfg = Debug|x64
		{C7138C4B-61AA-4D2E-9780-2B3F07B6F626}.Debug|x64.Build.0 = Debug|x64
		{C7138C4B-61AA-4D2E-9780-2B3F07B6F626}.Debug|x86.ActiveCfg = Debug|Win32
		{C7138C4B-61AA-4D2E-9780-2B3F07B6F626}.Debug|x86.Build.0 = Debug|Win32
		{C7138C4B-61AA-4D2E-9780-2B3F07B6F626}.Release_DLL|x64.ActiveCfg = Release_DLL|x64
		{C7138C4B-61AA-4D2E-9780-2B3F07B6F626}.Release_DLL|x64.Build.0 = Release_DLL|x64
		{C7138C4B-61AA-4D2E-9780-2B3F07B6F626}.Release_DLL|x86.ActiveCfg = Release|Win32
		{C7138C4B-61AA-4D2E-9780-2B3F07B6F626}.Release_DLL|x86.Build.0 = Release|Win32
		{C7138C4B-61AA-4D2E-9780-2B3F07B6F626}.Release_Make|x64.ActiveCfg = Release|x64
		{C7138C4B-61AA-4D2E-9780-2B3F07B6F626}.Release_Make|x64.Build.0 = Release|x64
		{C7138C4B-61AA-4D2E-9780-2B3F07B6F626}.Release_Make|x86.ActiveCfg = Release|Win32
		{C7138C4B-61AA-4D2E-9780-2B3F07B6F626}.Release_Make|x86.Build.0 = Release|Win32
		{C7138C4B-61AA-4D2E-9780-2B3F07B6F626}.Release_Unreal|x64.ActiveCfg = Release_Unreal|x64
		{C7138C4B-61AA-4D2E-9780-2B3F07B6F626}.Release_Unreal|x64.Build.0 = Release_Unreal|x64
		{C7138C4B-61AA-4D2E-9780-2B3F07B6F626}.Release_Unreal|x86.ActiveCfg = Release_DLL|Win32
		{C7138C4B-61AA-4D2E-9780-2B3F07B6F626}.Release_Unreal|x86.Build.0 = Release_DLL|Win32
		{C7138C4B-61AA-4D2E-9780-2B3F07B6F626}.Release|x64.ActiveCfg = Release|x64
		{C7138C4B-61AA-4D2E-9780-2B3F07B6F626}.Release|x86.ActiveCfg = Release|Win32
		{C7138C4B-61AA-4D2E-9780-2B3F07B6F626}.Release|x86.Build.0 = Release|Win32
		{D4DDFD61-565A-432E-B78E-874A9EAC13BB}.Debug_DLL|x64.ActiveCfg = Debug_DLL|x64
		{D4DDFD61-565A-432E-B78E-874A9EAC13BB}.Debug_DLL|x64.Build.0 = Debug_DLL|x64
		{D4DDFD61-565A-432E-B78E-874A9EAC13BB}.Debug_DLL|x86.ActiveCfg = Debug_DLL|x64
		{D4DDFD61-565A-432E-B78E-874A9EAC13BB}.Debug|x64.ActiveCfg = Debug_DLL|x64
		{D4DDFD61-565A-432E-B78E-874A9EAC13BB}.Debug|x64.Build.0 = Debug_DLL|x64
		{D4DDFD61-565A-432E-B78E-874A9EAC13BB}.Debug|x86.ActiveCfg = Debug_DLL|x64
		{D4DDFD61-565A-432E-B78E-874A9EAC13BB}.Debug|x86.Build.0 = Debug_DLL|x64
		{D4DDFD61-565A-432E-B78E-874A9EAC13BB}.Release_DLL|x64.ActiveCfg = Release_DLL|x64
		{D4DDFD61-565A-432E-B78E-874A9EAC13BB}.Release_DLL|x86.ActiveCfg = Release_DLL|x64
		{D4DDFD61-565A-432E-B78E-874A9EAC13BB}.Release_Make|x64.ActiveCfg = Release_DLL|x64
		{D4DDFD61-565A-432E-B78E-874A9EAC13BB}.Release_Make|x64.Build.0 = Release_DLL|x64
		{D4DDFD61-565A-432E-B78E-874A9EAC13BB}.Release_Make|x86.ActiveCfg = Debug_DLL|x64
		{D4DDFD61-565A-432E-B78E-874A9EAC13BB}.Release_Make|x86.Build.0 = Debug_DLL|x64
		{D4DDFD61-565A-432E-B78E-874A9EAC13BB}.Release_Unreal|x64.ActiveCfg = Release_DLL|x64
		{D4DDFD61-565A-432E-B78E-874A9EAC13BB}.Release_Unreal|x86.ActiveCfg = Debug_DLL|x64
		{D4DDFD61-565A-432E-B78E-874A9EAC13BB}.Release_Unreal|x86.Build.0 = Debug_DLL|x64
		{D4DDFD61-565A-432E-B78E-874A9EAC13BB}.Release|x64.ActiveCfg = Release_DLL|x64
		{D4DDFD61-565A-432E-B78E-874A9EAC13BB}.Release|x64.Build.0 = Release_DLL|x64
		{D4DDFD61-565A-432E-B78E-874A9EAC13BB}.Release|x86.ActiveCfg = Debug_DLL|x64
		{D4DDFD61-565A-432E-B78E-874A9EAC13BB}.Release|x86.Build.0 = Debug_DLL|x64
		{D598A643-5E22-4A0F-8E79-BEA9AE39B02A}.Debug_DLL|x64.ActiveCfg = Debug|x64
		{D598A643-5E22-4A0F-8E79-BEA9AE39B02A}.Debug_DLL|x64.Build.0 = Debug|x64
		{D598A643-5E22-4A0F-8E79-BEA9AE39B02A}.Debug_DLL|x86.ActiveCfg = Debug|Win32
		{D598A643-5E22-4A0F-8E79-BEA9AE39B02A}.Debug_DLL|x86.Build.0 = Debug|Win32
		{D598A643-5E22-4A0F-8E79-BEA9AE39B02A}.Debug|x64.ActiveCfg = Debug|x64
		{D598A643-5E22-4A0F-8E79-BEA9AE39B02A}.Debug|x64.Build.0 = Debug|x64
		{D598A643-5E22-4A0F-8E79-BEA9AE39B02A}.Debug|x86.ActiveCfg = Debug|Win32
		{D598A643-5E22-4A0F-8E79-BEA9AE39B02A}.Debug|x86.Build.0 = Debug|Win32
		{D598A643-5E22-4A0F-8E79-BEA9AE39B02A}.Release_DLL|x64.ActiveCfg = Release_DLL|x64
		{D598A643-5E22-4A0F-8E79-BEA9AE39B02A}.Release_DLL|x64.Build.0 = Release_DLL|x64
		{D598A643-5E22-4A0F-8E79-BEA9AE39B02A}.Release_DLL|x86.ActiveCfg = Release_DLL|Win32
		{D598A643-5E22-4A0F-8E79-BEA9AE39B02A}.Release_DLL|x86.Build.0 = Release_DLL|Win32
		{D598A643-5E22-4A0F-8E79-BEA9AE39B02A}.Release_Make|x64.ActiveCfg = Release_Unreal|x64
		{D598A643-5E22-4A0F-8E79-BEA9AE39B02A}.Release_Make|x64.Build.0 = Release_Unreal|x64
		{D598A643-5E22-4A0F-8E79-BEA9AE39B02A}.Release_Make|x86.ActiveCfg = Release_Unreal|Win32
		{D598A643-5E22-4A0F-8E79-BEA9AE39B02A}.Release_Make|x86.Build.0 = Release_Unreal|Win32
		{D598A643-5E22-4A0F-8E79-BEA9AE39B02A}.Release_Unreal|x64.ActiveCfg = Release_Unreal|x64
		{D598A643-5E22-4A0F-8E79-BEA9AE39B02A}.Release_Unreal|x64.Build.0 = Release_Unreal|x64
		{D598A643-5E22-4A0F-8E79-BEA9AE39B02A}.Release_Unreal|x86.ActiveCfg = Release_Unreal|Win32
		{D598A643-5E22-4A0F-8E79-BEA9AE39B02A}.Release_Unreal|x86.Build.0 = Release_Unreal|Win32
		{D598A643-5E22-4A0F-8E79-BEA9AE39B02A}.Release|x64.ActiveCfg = Release|x64
		{D598A643-5E22-4A0F-8E79-BEA9AE39B02A}.Release|x86.ActiveCfg = Release|Win32
		{D598A643-5E22-4A0F-8E79-BEA9AE39B02A}.Release|x86.Build.0 = Release|Win32
		{B02396B6-11D1-46AE-8A2D-301AD8F5919C}.Debug_DLL|x64.ActiveCfg = Debug|x64
		{B02396B6-11D1-46AE-8A2D-301AD8F5919C}.Debug_DLL|x64.Build.0 = Debug|x64
		{B02396B6-11D1-46AE-8A2D-301AD8F5919C}.Debug_DLL|x86.ActiveCfg = Debug|Win32
		{B02396B6-11D1-46AE-8A2D-301AD8F5919C}.Debug_DLL|x86.Build.0 = Debug|Win32
		{B02396B6-11D1-46AE-8A2D-301AD8F5919C}.Debug|x64.ActiveCfg = Debug|x64
		{B02396B6-11D1-46AE-8A2D-301AD8F5919C}.Debug|x64.Build.0 = Debug|x64
		{B02396B6-11D1-46AE-8A2D-301AD8F5919C}.Debug|x86.ActiveCfg = Debug|Win32
		{B02396B6-11D1-46AE-8A2D-301AD8F5919C}.Debug|x86.Build.0 = Debug|Win32
		{B02396B6-11D1-46AE-8A2D-301AD8F5919C}.Release_DLL|x64.ActiveCfg = Release|x64
		{B02396B6-11D1-46AE-8A2D-301AD8F5919C}.Release_DLL|x64.Build.0 = Release|x64
		{B02396B6-11D1-46AE-8A2D-301AD8F5919C}.Release_DLL|x86.ActiveCfg = Release|Win32
		{B02396B6-11D1-46AE-8A2D-301AD8F5919C}.Release_DLL|x86.Build.0 = Release|Win32
		{B02396B6-11D1-46AE-8A2D-301AD8F5919C}.Release_Make|x64.ActiveCfg = Release|x64
		{B02396B6-11D1-46AE-8A2D-301AD8F5919C}.Release_Make|x64.Build.0 = Release|x64
		{B02396B6-11D1-46AE-8A2D-301AD8F5919C}.Release_Make|x86.ActiveCfg = Release|Win32
		{B02396B6-11D1-46AE-8A2D-301AD8F5919C}.Release_Make|x86.Build.0 = Release|Win32
		{B02396B6-11D1-46AE-8A2D-301AD8F5919C}.Release_Unreal|x64.ActiveCfg = Release|x64
		{B02396B6-11D1-46AE-8A2D-301AD8F5919C}.Release_Unreal|x64.Build.0 = Release|x64
		{B02396B6-11D1-46AE-8A2D-301AD8F5919C}.Release_Unreal|x86.ActiveCfg = Release|Win32
		{B02396B6-11D1-46AE-8A2D-301AD8F5919C}.Release_Unreal|x86.Build.0 = Release|Win32
		{B02396B6-11D1-46AE-8A2D-301AD8F5919C}.Release|x64.ActiveCfg = Release|x64
		{B02396B6-11D1-46AE-8A2D-301AD8F5919C}.Release|x86.ActiveCfg = Release|Win32
		{B02396B6-11D1-46AE-8A2D-301AD8F5919C}.Release|x86.Build.0 = Release|Win32
	EndGlobalSection
	GlobalSection(SolutionProperties) = preSolution
		HideSolutionNode = FALSE
	EndGlobalSection
	GlobalSection(NestedProjects) = preSolution
		{008A0868-797E-41BD-B311-A96E1EF03C47} = {57B6FF56-B5D5-473B-B258-3059A3FC6757}
		{5F19DD3E-5025-4479-9A19-47C0658A3943} = {1BF4AA95-0C95-4448-80E9-02B48C827005}
		{F9AC6DF0-6BF4-467F-891D-1886084332FE} = {043D7BB0-CEC4-408E-9C02-71DC2EBD540D}
		{2F6830C0-A2D1-4FC9-A7E9-C9799CD89CC3} = {2AC0C666-44D4-4186-84B3-3DD7DEA8BFA9}
		{AC6C11FF-1F49-4025-87EC-F25C219971F4} = {B89E8C7C-DEC9-446B-B152-1793279FC5AB}
		{300F76A8-7EC7-491E-BD0A-74F0C3DB80FF} = {0021FE25-87AE-4E4C-BD5E-459D76401891}
		{C7138C4B-61AA-4D2E-9780-2B3F07B6F626} = {32194D16-12A4-4220-B3D3-D6C2937FE87C}
		{043D7BB0-CEC4-408E-9C02-71DC2EBD540D} = {CEB5BA3B-CDAD-4A8B-80EC-34DA2A0B179A}
		{2AC0C666-44D4-4186-84B3-3DD7DEA8BFA9} = {CEB5BA3B-CDAD-4A8B-80EC-34DA2A0B179A}
		{B89E8C7C-DEC9-446B-B152-1793279FC5AB} = {CEB5BA3B-CDAD-4A8B-80EC-34DA2A0B179A}
		{57B6FF56-B5D5-473B-B258-3059A3FC6757} = {CEB5BA3B-CDAD-4A8B-80EC-34DA2A0B179A}
		{1BF4AA95-0C95-4448-80E9-02B48C827005} = {CEB5BA3B-CDAD-4A8B-80EC-34DA2A0B179A}
		{32194D16-12A4-4220-B3D3-D6C2937FE87C} = {CEB5BA3B-CDAD-4A8B-80EC-34DA2A0B179A}
		{6F73DF29-356C-4EFD-9B3D-C5399C12B68B} = {CEB5BA3B-CDAD-4A8B-80EC-34DA2A0B179A}
		{D4DDFD61-565A-432E-B78E-874A9EAC13BB} = {6F73DF29-356C-4EFD-9B3D-C5399C12B68B}
		{7FAB07C3-FB29-44F9-B1DE-399DBC8BCF11} = {CEB5BA3B-CDAD-4A8B-80EC-34DA2A0B179A}
		{D598A643-5E22-4A0F-8E79-BEA9AE39B02A} = {7FAB07C3-FB29-44F9-B1DE-399DBC8BCF11}
		{FCABC916-E072-4893-95C0-AF914A37888F} = {CEB5BA3B-CDAD-4A8B-80EC-34DA2A0B179A}
		{B02396B6-11D1-46AE-8A2D-301AD8F5919C} = {FCABC916-E072-4893-95C0-AF914A37888F}
	EndGlobalSection
	GlobalSection(ExtensibilityGlobals) = postSolution
		SolutionGuid = {894BF4B1-8A0F-4611-AB30-F8EFD51AE1D4}
	EndGlobalSection
EndGlobal
