
Microsoft Visual Studio Solution File, Format Version 12.00
# Visual Studio 15
VisualStudioVersion = 15.0.27428.2015
MinimumVisualStudioVersion = 10.0.40219.1
Project("{2150E333-8FDC-42A3-9474-1A3956D46DE8}") = "CPP", "CPP", "{CEB5BA3B-CDAD-4A8B-80EC-34DA2A0B179A}"
EndProject
Project("{2150E333-8FDC-42A3-9474-1A3956D46DE8}") = "CLI", "CLI", "{0021FE25-87AE-4E4C-BD5E-459D76401891}"
EndProject
Project("{8BC9CEB8-8B4A-11D0-8D11-00A0C91BC942}") = "zSpace_InterOp", "projects\CPP\zInterOp\zInterOp.vcxproj", "{008A0868-797E-41BD-B311-A96E1EF03C47}"
EndProject
Project("{8BC9CEB8-8B4A-11D0-8D11-00A0C91BC942}") = "zSpace_App", "projects\CPP\zSpace_App\zSpace_App.vcxproj", "{5F19DD3E-5025-4479-9A19-47C0658A3943}"
EndProject
Project("{8BC9CEB8-8B4A-11D0-8D11-00A0C91BC942}") = "zSpace_Core", "projects\CPP\zSpace_Core\zCore.vcxproj", "{F9AC6DF0-6BF4-467F-891D-1886084332FE}"
EndProject
Project("{8BC9CEB8-8B4A-11D0-8D11-00A0C91BC942}") = "zSpace_Interface", "projects\CPP\zSpace_Interface\zInterface.vcxproj", "{2F6830C0-A2D1-4FC9-A7E9-C9799CD89CC3}"
EndProject
Project("{8BC9CEB8-8B4A-11D0-8D11-00A0C91BC942}") = "zSpace_Toolsets", "projects\CPP\zSpace_Toolsets\zSpace_Toolsets.vcxproj", "{AC6C11FF-1F49-4025-87EC-F25C219971F4}"
EndProject
Project("{8BC9CEB8-8B4A-11D0-8D11-00A0C91BC942}") = "CLI_zSpace_Core", "projects\CLI\CLI_zSpace_Core\CLI_zSpace_Core.vcxproj", "{300F76A8-7EC7-491E-BD0A-74F0C3DB80FF}"
EndProject
Global
	GlobalSection(SolutionConfigurationPlatforms) = preSolution
		Debug_DLL|x64 = Debug_DLL|x64
		Debug_DLL|x86 = Debug_DLL|x86
		Debug|x64 = Debug|x64
		Debug|x86 = Debug|x86
		Release_DLL|x64 = Release_DLL|x64
		Release_DLL|x86 = Release_DLL|x86
		Release_Make|x64 = Release_Make|x64
		Release_Make|x86 = Release_Make|x86
		Release|x64 = Release|x64
		Release|x86 = Release|x86
	EndGlobalSection
	GlobalSection(ProjectConfigurationPlatforms) = postSolution
		{008A0868-797E-41BD-B311-A96E1EF03C47}.Debug_DLL|x64.ActiveCfg = Debug|x64
		{008A0868-797E-41BD-B311-A96E1EF03C47}.Debug_DLL|x64.Build.0 = Debug|x64
		{008A0868-797E-41BD-B311-A96E1EF03C47}.Debug_DLL|x86.ActiveCfg = Release|x64
		{008A0868-797E-41BD-B311-A96E1EF03C47}.Debug_DLL|x86.Build.0 = Release|x64
		{008A0868-797E-41BD-B311-A96E1EF03C47}.Debug|x64.ActiveCfg = Debug|x64
		{008A0868-797E-41BD-B311-A96E1EF03C47}.Debug|x64.Build.0 = Debug|x64
		{008A0868-797E-41BD-B311-A96E1EF03C47}.Debug|x86.ActiveCfg = Debug|x64
		{008A0868-797E-41BD-B311-A96E1EF03C47}.Release_DLL|x64.ActiveCfg = Release_DLL|x64
		{008A0868-797E-41BD-B311-A96E1EF03C47}.Release_DLL|x86.ActiveCfg = Release_DLL|x64
		{008A0868-797E-41BD-B311-A96E1EF03C47}.Release_Make|x64.ActiveCfg = Release_DLL|x64
		{008A0868-797E-41BD-B311-A96E1EF03C47}.Release_Make|x64.Build.0 = Release_DLL|x64
		{008A0868-797E-41BD-B311-A96E1EF03C47}.Release_Make|x86.ActiveCfg = Release|x64
		{008A0868-797E-41BD-B311-A96E1EF03C47}.Release_Make|x86.Build.0 = Release|x64
		{008A0868-797E-41BD-B311-A96E1EF03C47}.Release|x64.ActiveCfg = Release|x64
		{008A0868-797E-41BD-B311-A96E1EF03C47}.Release|x86.ActiveCfg = Release|x64
		{5F19DD3E-5025-4479-9A19-47C0658A3943}.Debug_DLL|x64.ActiveCfg = Debug|x64
		{5F19DD3E-5025-4479-9A19-47C0658A3943}.Debug_DLL|x64.Build.0 = Debug|x64
		{5F19DD3E-5025-4479-9A19-47C0658A3943}.Debug_DLL|x86.ActiveCfg = Release|x64
		{5F19DD3E-5025-4479-9A19-47C0658A3943}.Debug_DLL|x86.Build.0 = Release|x64
		{5F19DD3E-5025-4479-9A19-47C0658A3943}.Debug|x64.ActiveCfg = Debug|x64
		{5F19DD3E-5025-4479-9A19-47C0658A3943}.Debug|x64.Build.0 = Debug|x64
		{5F19DD3E-5025-4479-9A19-47C0658A3943}.Debug|x86.ActiveCfg = Debug|x64
		{5F19DD3E-5025-4479-9A19-47C0658A3943}.Release_DLL|x64.ActiveCfg = Release_DLL|x64
		{5F19DD3E-5025-4479-9A19-47C0658A3943}.Release_DLL|x64.Build.0 = Release_DLL|x64
		{5F19DD3E-5025-4479-9A19-47C0658A3943}.Release_DLL|x86.ActiveCfg = Release_DLL|x64
		{5F19DD3E-5025-4479-9A19-47C0658A3943}.Release_DLL|x86.Build.0 = Release_DLL|x64
		{5F19DD3E-5025-4479-9A19-47C0658A3943}.Release_Make|x64.ActiveCfg = Release_Make|x64
		{5F19DD3E-5025-4479-9A19-47C0658A3943}.Release_Make|x64.Build.0 = Release_Make|x64
		{5F19DD3E-5025-4479-9A19-47C0658A3943}.Release_Make|x86.ActiveCfg = Release_Make|x64
		{5F19DD3E-5025-4479-9A19-47C0658A3943}.Release|x64.ActiveCfg = Release|x64
		{5F19DD3E-5025-4479-9A19-47C0658A3943}.Release|x86.ActiveCfg = Release|x64
		{F9AC6DF0-6BF4-467F-891D-1886084332FE}.Debug_DLL|x64.ActiveCfg = Debug|x64
		{F9AC6DF0-6BF4-467F-891D-1886084332FE}.Debug_DLL|x64.Build.0 = Debug|x64
		{F9AC6DF0-6BF4-467F-891D-1886084332FE}.Debug_DLL|x86.ActiveCfg = Release|x64
		{F9AC6DF0-6BF4-467F-891D-1886084332FE}.Debug_DLL|x86.Build.0 = Release|x64
		{F9AC6DF0-6BF4-467F-891D-1886084332FE}.Debug|x64.ActiveCfg = Debug|x64
		{F9AC6DF0-6BF4-467F-891D-1886084332FE}.Debug|x64.Build.0 = Debug|x64
		{F9AC6DF0-6BF4-467F-891D-1886084332FE}.Debug|x86.ActiveCfg = Debug|x64
		{F9AC6DF0-6BF4-467F-891D-1886084332FE}.Release_DLL|x64.ActiveCfg = Release_DLL|x64
		{F9AC6DF0-6BF4-467F-891D-1886084332FE}.Release_DLL|x64.Build.0 = Release_DLL|x64
		{F9AC6DF0-6BF4-467F-891D-1886084332FE}.Release_DLL|x86.ActiveCfg = Release_DLL|x64
		{F9AC6DF0-6BF4-467F-891D-1886084332FE}.Release_DLL|x86.Build.0 = Release_DLL|x64
		{F9AC6DF0-6BF4-467F-891D-1886084332FE}.Release_Make|x64.ActiveCfg = Release_Make|x64
		{F9AC6DF0-6BF4-467F-891D-1886084332FE}.Release_Make|x64.Build.0 = Release_Make|x64
		{F9AC6DF0-6BF4-467F-891D-1886084332FE}.Release_Make|x86.ActiveCfg = Release_Make|x64
		{F9AC6DF0-6BF4-467F-891D-1886084332FE}.Release|x64.ActiveCfg = Release|x64
		{F9AC6DF0-6BF4-467F-891D-1886084332FE}.Release|x64.Build.0 = Release|x64
		{F9AC6DF0-6BF4-467F-891D-1886084332FE}.Release|x86.ActiveCfg = Release|x64
		{2F6830C0-A2D1-4FC9-A7E9-C9799CD89CC3}.Debug_DLL|x64.ActiveCfg = Debug|x64
		{2F6830C0-A2D1-4FC9-A7E9-C9799CD89CC3}.Debug_DLL|x64.Build.0 = Debug|x64
		{2F6830C0-A2D1-4FC9-A7E9-C9799CD89CC3}.Debug_DLL|x86.ActiveCfg = Release|x64
		{2F6830C0-A2D1-4FC9-A7E9-C9799CD89CC3}.Debug_DLL|x86.Build.0 = Release|x64
		{2F6830C0-A2D1-4FC9-A7E9-C9799CD89CC3}.Debug|x64.ActiveCfg = Debug|x64
		{2F6830C0-A2D1-4FC9-A7E9-C9799CD89CC3}.Debug|x64.Build.0 = Debug|x64
		{2F6830C0-A2D1-4FC9-A7E9-C9799CD89CC3}.Debug|x86.ActiveCfg = Debug|x64
		{2F6830C0-A2D1-4FC9-A7E9-C9799CD89CC3}.Release_DLL|x64.ActiveCfg = Release_DLL|x64
		{2F6830C0-A2D1-4FC9-A7E9-C9799CD89CC3}.Release_DLL|x64.Build.0 = Release_DLL|x64
		{2F6830C0-A2D1-4FC9-A7E9-C9799CD89CC3}.Release_DLL|x86.ActiveCfg = Release_DLL|x64
		{2F6830C0-A2D1-4FC9-A7E9-C9799CD89CC3}.Release_DLL|x86.Build.0 = Release_DLL|x64
		{2F6830C0-A2D1-4FC9-A7E9-C9799CD89CC3}.Release_Make|x64.ActiveCfg = Release_Make|x64
		{2F6830C0-A2D1-4FC9-A7E9-C9799CD89CC3}.Release_Make|x64.Build.0 = Release_Make|x64
		{2F6830C0-A2D1-4FC9-A7E9-C9799CD89CC3}.Release_Make|x86.ActiveCfg = Release_Make|x64
		{2F6830C0-A2D1-4FC9-A7E9-C9799CD89CC3}.Release|x64.ActiveCfg = Release|x64
		{2F6830C0-A2D1-4FC9-A7E9-C9799CD89CC3}.Release|x86.ActiveCfg = Release|x64
		{AC6C11FF-1F49-4025-87EC-F25C219971F4}.Debug_DLL|x64.ActiveCfg = Debug_DLL|x64
		{AC6C11FF-1F49-4025-87EC-F25C219971F4}.Debug_DLL|x64.Build.0 = Debug_DLL|x64
		{AC6C11FF-1F49-4025-87EC-F25C219971F4}.Debug_DLL|x86.ActiveCfg = Debug_DLL|x64
		{AC6C11FF-1F49-4025-87EC-F25C219971F4}.Debug|x64.ActiveCfg = Debug|x64
		{AC6C11FF-1F49-4025-87EC-F25C219971F4}.Debug|x64.Build.0 = Debug|x64
		{AC6C11FF-1F49-4025-87EC-F25C219971F4}.Debug|x86.ActiveCfg = Debug|x64
		{AC6C11FF-1F49-4025-87EC-F25C219971F4}.Release_DLL|x64.ActiveCfg = Release_DLL|x64
		{AC6C11FF-1F49-4025-87EC-F25C219971F4}.Release_DLL|x64.Build.0 = Release_DLL|x64
		{AC6C11FF-1F49-4025-87EC-F25C219971F4}.Release_DLL|x86.ActiveCfg = Release_DLL|x64
		{AC6C11FF-1F49-4025-87EC-F25C219971F4}.Release_DLL|x86.Build.0 = Release_DLL|x64
		{AC6C11FF-1F49-4025-87EC-F25C219971F4}.Release_Make|x64.ActiveCfg = Release_Make|x64
		{AC6C11FF-1F49-4025-87EC-F25C219971F4}.Release_Make|x64.Build.0 = Release_Make|x64
		{AC6C11FF-1F49-4025-87EC-F25C219971F4}.Release_Make|x86.ActiveCfg = Release_Make|x64
		{AC6C11FF-1F49-4025-87EC-F25C219971F4}.Release|x64.ActiveCfg = Release|x64
		{AC6C11FF-1F49-4025-87EC-F25C219971F4}.Release|x86.ActiveCfg = Release|x64
		{300F76A8-7EC7-491E-BD0A-74F0C3DB80FF}.Debug_DLL|x64.ActiveCfg = Debug|x64
		{300F76A8-7EC7-491E-BD0A-74F0C3DB80FF}.Debug_DLL|x64.Build.0 = Debug|x64
		{300F76A8-7EC7-491E-BD0A-74F0C3DB80FF}.Debug_DLL|x86.ActiveCfg = Debug|Win32
		{300F76A8-7EC7-491E-BD0A-74F0C3DB80FF}.Debug_DLL|x86.Build.0 = Debug|Win32
		{300F76A8-7EC7-491E-BD0A-74F0C3DB80FF}.Debug|x64.ActiveCfg = Debug|x64
		{300F76A8-7EC7-491E-BD0A-74F0C3DB80FF}.Debug|x64.Build.0 = Debug|x64
		{300F76A8-7EC7-491E-BD0A-74F0C3DB80FF}.Debug|x86.ActiveCfg = Debug|Win32
		{300F76A8-7EC7-491E-BD0A-74F0C3DB80FF}.Debug|x86.Build.0 = Debug|Win32
		{300F76A8-7EC7-491E-BD0A-74F0C3DB80FF}.Release_DLL|x64.ActiveCfg = Release|x64
		{300F76A8-7EC7-491E-BD0A-74F0C3DB80FF}.Release_DLL|x86.ActiveCfg = Release|Win32
		{300F76A8-7EC7-491E-BD0A-74F0C3DB80FF}.Release_DLL|x86.Build.0 = Release|Win32
		{300F76A8-7EC7-491E-BD0A-74F0C3DB80FF}.Release_Make|x64.ActiveCfg = Release|x64
		{300F76A8-7EC7-491E-BD0A-74F0C3DB80FF}.Release_Make|x64.Build.0 = Release|x64
		{300F76A8-7EC7-491E-BD0A-74F0C3DB80FF}.Release_Make|x86.ActiveCfg = Release|Win32
		{300F76A8-7EC7-491E-BD0A-74F0C3DB80FF}.Release_Make|x86.Build.0 = Release|Win32
		{300F76A8-7EC7-491E-BD0A-74F0C3DB80FF}.Release|x64.ActiveCfg = Release|x64
		{300F76A8-7EC7-491E-BD0A-74F0C3DB80FF}.Release|x64.Build.0 = Release|x64
		{300F76A8-7EC7-491E-BD0A-74F0C3DB80FF}.Release|x86.ActiveCfg = Release|Win32
		{300F76A8-7EC7-491E-BD0A-74F0C3DB80FF}.Release|x86.Build.0 = Release|Win32
	EndGlobalSection
	GlobalSection(SolutionProperties) = preSolution
		HideSolutionNode = FALSE
	EndGlobalSection
	GlobalSection(NestedProjects) = preSolution
		{008A0868-797E-41BD-B311-A96E1EF03C47} = {CEB5BA3B-CDAD-4A8B-80EC-34DA2A0B179A}
		{5F19DD3E-5025-4479-9A19-47C0658A3943} = {CEB5BA3B-CDAD-4A8B-80EC-34DA2A0B179A}
		{F9AC6DF0-6BF4-467F-891D-1886084332FE} = {CEB5BA3B-CDAD-4A8B-80EC-34DA2A0B179A}
		{2F6830C0-A2D1-4FC9-A7E9-C9799CD89CC3} = {CEB5BA3B-CDAD-4A8B-80EC-34DA2A0B179A}
		{AC6C11FF-1F49-4025-87EC-F25C219971F4} = {CEB5BA3B-CDAD-4A8B-80EC-34DA2A0B179A}
		{300F76A8-7EC7-491E-BD0A-74F0C3DB80FF} = {0021FE25-87AE-4E4C-BD5E-459D76401891}
	EndGlobalSection
	GlobalSection(ExtensibilityGlobals) = postSolution
		SolutionGuid = {894BF4B1-8A0F-4611-AB30-F8EFD51AE1D4}
	EndGlobalSection
EndGlobal
