<?xml version="1.0" encoding="utf-8"?>
<Project ToolsVersion="4.0" xmlns="http://schemas.microsoft.com/developer/msbuild/2003">
  <ItemGroup>
    <Filter Include="Source Files">
      <UniqueIdentifier>{4FC737F1-C7A5-4376-A066-2A32D752A2FF}</UniqueIdentifier>
      <Extensions>cpp;c;cc;cxx;def;odl;idl;hpj;bat;asm;asmx</Extensions>
    </Filter>
    <Filter Include="Header Files">
      <UniqueIdentifier>{93995380-89BD-4b04-88EB-625FBE52EBFB}</UniqueIdentifier>
      <Extensions>h;hh;hpp;hxx;hm;inl;inc;ipp;xsd</Extensions>
    </Filter>
    <Filter Include="Resource Files">
      <UniqueIdentifier>{67DA6AB6-F800-4c08-8B7A-83BB121AAD01}</UniqueIdentifier>
      <Extensions>rc;ico;cur;bmp;dlg;rc2;rct;bin;rgs;gif;jpg;jpeg;jpe;resx;tiff;tif;png;wav;mfcribbon-ms</Extensions>
    </Filter>
    <Filter Include="Header Files\Data">
      <UniqueIdentifier>{fb1cb5aa-bd21-4e6a-bb9a-2cb82d8272f3}</UniqueIdentifier>
    </Filter>
    <Filter Include="Header Files\Geometry">
      <UniqueIdentifier>{734460e2-4bec-4f38-8220-ce287d43d6c2}</UniqueIdentifier>
    </Filter>
    <Filter Include="Header Files\PathNetworks">
      <UniqueIdentifier>{4cc5e7fe-d200-4c63-8be1-b74402a40a9b}</UniqueIdentifier>
    </Filter>
    <Filter Include="Header Files\Streamlines">
      <UniqueIdentifier>{167d8c45-e7a1-4535-920a-256126af02b0}</UniqueIdentifier>
    </Filter>
    <Filter Include="Depends">
      <UniqueIdentifier>{6656313f-8926-489a-9d92-998cbf387a56}</UniqueIdentifier>
    </Filter>
    <Filter Include="Depends\Alglib">
      <UniqueIdentifier>{73433eee-e1b7-4f05-9c3e-32e0239c63d1}</UniqueIdentifier>
    </Filter>
    <Filter Include="Source Files\DigiFab">
      <UniqueIdentifier>{b2005bf0-0b7c-4e58-bf99-30ae489589bd}</UniqueIdentifier>
    </Filter>
    <Filter Include="Header Files\DigiFab">
      <UniqueIdentifier>{2f462b92-fc84-4e0c-9559-d6fc0f48d7de}</UniqueIdentifier>
    </Filter>
    <Filter Include="Header Files\Statics">
      <UniqueIdentifier>{c3172f2b-fe6f-457e-9827-0aa1f7ffc670}</UniqueIdentifier>
    </Filter>
    <Filter Include="Source Files\Statics">
      <UniqueIdentifier>{5303844a-7a6e-4bc6-b26e-b53a34015503}</UniqueIdentifier>
    </Filter>
    <Filter Include="Source Files\PathNetworks">
      <UniqueIdentifier>{0996eae9-f824-4333-8163-e7a23f02326f}</UniqueIdentifier>
    </Filter>
    <Filter Include="Source Files\Geometry">
      <UniqueIdentifier>{6096f4d0-262c-48a9-a945-dc85d759746b}</UniqueIdentifier>
    </Filter>
    <Filter Include="Source Files\Data">
      <UniqueIdentifier>{ea0606fa-7a28-4cab-8300-82b39ff54ee8}</UniqueIdentifier>
    </Filter>
    <Filter Include="Source Files\Streamlines">
      <UniqueIdentifier>{64d52869-aa5e-4471-80b8-9a40ac396e90}</UniqueIdentifier>
    </Filter>
  </ItemGroup>
  <ItemGroup>
    <ClInclude Include="..\..\..\cpp\headers\zToolsets\data\zTsKMeans.h">
      <Filter>Header Files\Data</Filter>
    </ClInclude>
    <ClInclude Include="..\..\..\cpp\headers\zToolsets\data\zTsOSM.h">
      <Filter>Header Files\Data</Filter>
    </ClInclude>
    <ClInclude Include="..\..\..\cpp\headers\zToolsets\digifab\zTsRobot.h">
      <Filter>Header Files\DigiFab</Filter>
    </ClInclude>
    <ClInclude Include="..\..\..\cpp\headers\zToolsets\geometry\zTsRemesh.h">
      <Filter>Header Files\Geometry</Filter>
    </ClInclude>
    <ClInclude Include="..\..\..\cpp\headers\zToolsets\geometry\zTsSpectral.h">
      <Filter>Header Files\Geometry</Filter>
    </ClInclude>
    <ClInclude Include="..\..\..\cpp\headers\zToolsets\geometry\zTsVariableExtrude.h">
      <Filter>Header Files\Geometry</Filter>
    </ClInclude>
    <ClInclude Include="..\..\..\cpp\headers\zToolsets\pathNetworks\zTsShortestPath.h">
      <Filter>Header Files\PathNetworks</Filter>
    </ClInclude>
    <ClInclude Include="..\..\..\cpp\headers\zToolsets\pathNetworks\zTsSlimeMould.h">
      <Filter>Header Files\PathNetworks</Filter>
    </ClInclude>
    <ClInclude Include="..\..\..\cpp\headers\zToolsets\statics\zTsPolytopal.h">
      <Filter>Header Files\Statics</Filter>
    </ClInclude>
    <ClInclude Include="..\..\..\cpp\headers\zToolsets\statics\zTsSpatialStructure.h">
      <Filter>Header Files\Statics</Filter>
    </ClInclude>
    <ClInclude Include="..\..\..\cpp\headers\zToolsets\statics\zTsTopOpt.h">
      <Filter>Header Files\Statics</Filter>
    </ClInclude>
    <ClInclude Include="..\..\..\cpp\headers\zToolsets\statics\zTsVault.h">
      <Filter>Header Files\Statics</Filter>
    </ClInclude>
    <ClInclude Include="..\..\..\cpp\headers\zToolsets\streamlines\zTsStreams2D.h">
      <Filter>Header Files\Streamlines</Filter>
    </ClInclude>
    <ClInclude Include="..\..\..\cpp\depends\alglib\cpp\src\alglibinternal.h">
      <Filter>Depends\Alglib</Filter>
    </ClInclude>
    <ClInclude Include="..\..\..\cpp\depends\alglib\cpp\src\alglibmisc.h">
      <Filter>Depends\Alglib</Filter>
    </ClInclude>
    <ClInclude Include="..\..\..\cpp\depends\alglib\cpp\src\ap.h">
      <Filter>Depends\Alglib</Filter>
    </ClInclude>
    <ClInclude Include="..\..\..\cpp\depends\alglib\cpp\src\dataanalysis.h">
      <Filter>Depends\Alglib</Filter>
    </ClInclude>
    <ClInclude Include="..\..\..\cpp\depends\alglib\cpp\src\diffequations.h">
      <Filter>Depends\Alglib</Filter>
    </ClInclude>
    <ClInclude Include="..\..\..\cpp\depends\alglib\cpp\src\fasttransforms.h">
      <Filter>Depends\Alglib</Filter>
    </ClInclude>
    <ClInclude Include="..\..\..\cpp\depends\alglib\cpp\src\integration.h">
      <Filter>Depends\Alglib</Filter>
    </ClInclude>
    <ClInclude Include="..\..\..\cpp\depends\alglib\cpp\src\interpolation.h">
      <Filter>Depends\Alglib</Filter>
    </ClInclude>
    <ClInclude Include="..\..\..\cpp\depends\alglib\cpp\src\linalg.h">
      <Filter>Depends\Alglib</Filter>
    </ClInclude>
    <ClInclude Include="..\..\..\cpp\depends\alglib\cpp\src\optimization.h">
      <Filter>Depends\Alglib</Filter>
    </ClInclude>
    <ClInclude Include="..\..\..\cpp\depends\alglib\cpp\src\solvers.h">
      <Filter>Depends\Alglib</Filter>
    </ClInclude>
    <ClInclude Include="..\..\..\cpp\depends\alglib\cpp\src\specialfunctions.h">
      <Filter>Depends\Alglib</Filter>
    </ClInclude>
    <ClInclude Include="..\..\..\cpp\depends\alglib\cpp\src\statistics.h">
      <Filter>Depends\Alglib</Filter>
    </ClInclude>
    <ClInclude Include="..\..\..\cpp\depends\alglib\cpp\src\stdafx.h">
      <Filter>Depends\Alglib</Filter>
    </ClInclude>
    <ClInclude Include="..\..\..\cpp\headers\zToolsets\geometry\zTsMeshImage.h">
      <Filter>Header Files\Geometry</Filter>
    </ClInclude>
  </ItemGroup>
  <ItemGroup>
    <ClCompile Include="..\..\..\cpp\source\zToolsets\data\zTsKMeans.cpp">
      <Filter>Source Files\Data</Filter>
    </ClCompile>
    <ClCompile Include="..\..\..\cpp\source\zToolsets\data\zTsOSM.cpp">
      <Filter>Source Files\Data</Filter>
    </ClCompile>
    <ClCompile Include="..\..\..\cpp\source\zToolsets\digiFab\zTsRobot.cpp">
      <Filter>Source Files\DigiFab</Filter>
    </ClCompile>
    <ClCompile Include="..\..\..\cpp\source\zToolsets\geometry\zTsRemesh.cpp">
      <Filter>Source Files\Geometry</Filter>
    </ClCompile>
    <ClCompile Include="..\..\..\cpp\source\zToolsets\geometry\zTsSpectral.cpp">
      <Filter>Source Files\Geometry</Filter>
    </ClCompile>
    <ClCompile Include="..\..\..\cpp\source\zToolsets\geometry\zTsVariableExtrude.cpp">
      <Filter>Source Files\Geometry</Filter>
    </ClCompile>
    <ClCompile Include="..\..\..\cpp\source\zToolsets\pathNetworks\zTsShortestPath.cpp">
      <Filter>Source Files\PathNetworks</Filter>
    </ClCompile>
    <ClCompile Include="..\..\..\cpp\source\zToolsets\pathNetworks\zTsSlimeMould.cpp">
      <Filter>Source Files\PathNetworks</Filter>
    </ClCompile>
    <ClCompile Include="..\..\..\cpp\source\zToolsets\statics\zTsPolytopal.cpp">
      <Filter>Source Files\Statics</Filter>
    </ClCompile>
    <ClCompile Include="..\..\..\cpp\source\zToolsets\statics\zTsSpatialStructure.cpp">
      <Filter>Source Files\Statics</Filter>
    </ClCompile>
    <ClCompile Include="..\..\..\cpp\source\zToolsets\statics\zTsTopOpt.cpp">
      <Filter>Source Files\Statics</Filter>
    </ClCompile>
    <ClCompile Include="..\..\..\cpp\source\zToolsets\statics\zTsVault.cpp">
      <Filter>Source Files\Statics</Filter>
    </ClCompile>
    <ClCompile Include="..\..\..\cpp\source\zToolsets\streamlines\zTsStreams2D.cpp">
      <Filter>Source Files\Streamlines</Filter>
    </ClCompile>
    <ClCompile Include="..\..\..\cpp\depends\alglib\cpp\src\alglibinternal.cpp">
      <Filter>Depends\Alglib</Filter>
    </ClCompile>
    <ClCompile Include="..\..\..\cpp\depends\alglib\cpp\src\alglibmisc.cpp">
      <Filter>Depends\Alglib</Filter>
    </ClCompile>
    <ClCompile Include="..\..\..\cpp\depends\alglib\cpp\src\ap.cpp">
      <Filter>Depends\Alglib</Filter>
    </ClCompile>
    <ClCompile Include="..\..\..\cpp\depends\alglib\cpp\src\dataanalysis.cpp">
      <Filter>Depends\Alglib</Filter>
    </ClCompile>
    <ClCompile Include="..\..\..\cpp\depends\alglib\cpp\src\diffequations.cpp">
      <Filter>Depends\Alglib</Filter>
    </ClCompile>
    <ClCompile Include="..\..\..\cpp\depends\alglib\cpp\src\fasttransforms.cpp">
      <Filter>Depends\Alglib</Filter>
    </ClCompile>
    <ClCompile Include="..\..\..\cpp\depends\alglib\cpp\src\integration.cpp">
      <Filter>Depends\Alglib</Filter>
    </ClCompile>
    <ClCompile Include="..\..\..\cpp\depends\alglib\cpp\src\interpolation.cpp">
      <Filter>Depends\Alglib</Filter>
    </ClCompile>
    <ClCompile Include="..\..\..\cpp\depends\alglib\cpp\src\linalg.cpp">
      <Filter>Depends\Alglib</Filter>
    </ClCompile>
    <ClCompile Include="..\..\..\cpp\depends\alglib\cpp\src\optimization.cpp">
      <Filter>Depends\Alglib</Filter>
    </ClCompile>
    <ClCompile Include="..\..\..\cpp\depends\alglib\cpp\src\solvers.cpp">
      <Filter>Depends\Alglib</Filter>
    </ClCompile>
    <ClCompile Include="..\..\..\cpp\depends\alglib\cpp\src\specialfunctions.cpp">
      <Filter>Depends\Alglib</Filter>
    </ClCompile>
    <ClCompile Include="..\..\..\cpp\depends\alglib\cpp\src\statistics.cpp">
      <Filter>Depends\Alglib</Filter>
    </ClCompile>
    <ClCompile Include="..\..\..\cpp\source\zToolsets\geometry\zTsMeshImage.cpp">
      <Filter>Source Files\Geometry</Filter>
    </ClCompile>
  </ItemGroup>
</Project>