<?xml version="1.0" encoding="utf-8"?>
<Project ToolsVersion="4.0" xmlns="http://schemas.microsoft.com/developer/msbuild/2003">
  <ItemGroup>
    <Filter Include="Source Files">
      <UniqueIdentifier>{4FC737F1-C7A5-4376-A066-2A32D752A2FF}</UniqueIdentifier>
      <Extensions>cpp;c;cc;cxx;def;odl;idl;hpj;bat;asm;asmx</Extensions>
    </Filter>
    <Filter Include="Header Files">
      <UniqueIdentifier>{93995380-89BD-4b04-88EB-625FBE52EBFB}</UniqueIdentifier>
      <Extensions>h;hh;hpp;hxx;hm;inl;inc;ipp;xsd</Extensions>
    </Filter>
    <Filter Include="Resource Files">
      <UniqueIdentifier>{67DA6AB6-F800-4c08-8B7A-83BB121AAD01}</UniqueIdentifier>
      <Extensions>rc;ico;cur;bmp;dlg;rc2;rct;bin;rgs;gif;jpg;jpeg;jpe;resx;tiff;tif;png;wav;mfcribbon-ms</Extensions>
    </Filter>
    <Filter Include="Header Files\FunctionSets">
      <UniqueIdentifier>{8043177a-5f0d-4381-8ca1-65bc3be20d05}</UniqueIdentifier>
    </Filter>
    <Filter Include="Source Files\FunctionSets">
      <UniqueIdentifier>{e3e3f1c9-097e-4dbd-b137-4428b9a8d445}</UniqueIdentifier>
    </Filter>
    <Filter Include="Header Files\Objects">
      <UniqueIdentifier>{e9d04875-39e3-45e8-b03c-cd2f82cbc2d6}</UniqueIdentifier>
    </Filter>
    <Filter Include="Header Files\Iterators">
      <UniqueIdentifier>{06a49545-23b9-4f29-a8b2-669d92767516}</UniqueIdentifier>
    </Filter>
    <Filter Include="Source Files\Iterators">
      <UniqueIdentifier>{ac1f5c86-fa4e-411f-94f7-e95802c34f47}</UniqueIdentifier>
    </Filter>
    <Filter Include="Header Files\Model">
      <UniqueIdentifier>{ab5cc37e-e73c-470c-af6c-be12f307b7b3}</UniqueIdentifier>
    </Filter>
    <Filter Include="Source Files\Model">
      <UniqueIdentifier>{ce03a49f-cefc-4995-a883-feeab9cd9da3}</UniqueIdentifier>
    </Filter>
    <Filter Include="Source Files\Objects">
      <UniqueIdentifier>{fa8e67d1-db4a-43dd-97f7-0b9b298903f1}</UniqueIdentifier>
    </Filter>
  </ItemGroup>
  <ItemGroup>
    <ClInclude Include="..\..\..\cpp\headers\zInterface\functionsets\zFn.h">
      <Filter>Header Files\FunctionSets</Filter>
    </ClInclude>
    <ClInclude Include="..\..\..\cpp\headers\zInterface\functionsets\zFnGraph.h">
      <Filter>Header Files\FunctionSets</Filter>
    </ClInclude>
    <ClInclude Include="..\..\..\cpp\headers\zInterface\functionsets\zFnGraphDynamics.h">
      <Filter>Header Files\FunctionSets</Filter>
    </ClInclude>
    <ClInclude Include="..\..\..\cpp\headers\zInterface\functionsets\zFnMesh.h">
      <Filter>Header Files\FunctionSets</Filter>
    </ClInclude>
    <ClInclude Include="..\..\..\cpp\headers\zInterface\functionsets\zFnMeshDynamics.h">
      <Filter>Header Files\FunctionSets</Filter>
    </ClInclude>
    <ClInclude Include="..\..\..\cpp\headers\zInterface\functionsets\zFnMeshField.h">
      <Filter>Header Files\FunctionSets</Filter>
    </ClInclude>
    <ClInclude Include="..\..\..\cpp\headers\zInterface\functionsets\zFnParticle.h">
      <Filter>Header Files\FunctionSets</Filter>
    </ClInclude>
    <ClInclude Include="..\..\..\cpp\headers\zInterface\functionsets\zFnPointCloud.h">
      <Filter>Header Files\FunctionSets</Filter>
    </ClInclude>
    <ClInclude Include="..\..\..\cpp\headers\zInterface\functionsets\zFnPointField.h">
      <Filter>Header Files\FunctionSets</Filter>
    </ClInclude>
    <ClInclude Include="..\..\..\cpp\headers\zInterface\functionsets\zFnSpatialBin.h">
      <Filter>Header Files\FunctionSets</Filter>
    </ClInclude>
    <ClInclude Include="..\..\..\cpp\headers\zInterface\iterators\zIt.h">
      <Filter>Header Files\Iterators</Filter>
    </ClInclude>
    <ClInclude Include="..\..\..\cpp\headers\zInterface\iterators\zItGraph.h">
      <Filter>Header Files\Iterators</Filter>
    </ClInclude>
    <ClInclude Include="..\..\..\cpp\headers\zInterface\iterators\zItMesh.h">
      <Filter>Header Files\Iterators</Filter>
    </ClInclude>
    <ClInclude Include="..\..\..\cpp\headers\zInterface\iterators\zItMeshField.h">
      <Filter>Header Files\Iterators</Filter>
    </ClInclude>
    <ClInclude Include="..\..\..\cpp\headers\zInterface\iterators\zItPointCloud.h">
      <Filter>Header Files\Iterators</Filter>
    </ClInclude>
    <ClInclude Include="..\..\..\cpp\headers\zInterface\iterators\zItPointField.h">
      <Filter>Header Files\Iterators</Filter>
    </ClInclude>
    <ClInclude Include="..\..\..\cpp\headers\zInterface\model\zModel.h">
      <Filter>Header Files\Model</Filter>
    </ClInclude>
    <ClInclude Include="..\..\..\cpp\headers\zInterface\objects\zObj.h">
      <Filter>Header Files\Objects</Filter>
    </ClInclude>
    <ClInclude Include="..\..\..\cpp\headers\zInterface\objects\zObjGraph.h">
      <Filter>Header Files\Objects</Filter>
    </ClInclude>
    <ClInclude Include="..\..\..\cpp\headers\zInterface\objects\zObjMesh.h">
      <Filter>Header Files\Objects</Filter>
    </ClInclude>
    <ClInclude Include="..\..\..\cpp\headers\zInterface\objects\zObjMeshField.h">
      <Filter>Header Files\Objects</Filter>
    </ClInclude>
    <ClInclude Include="..\..\..\cpp\headers\zInterface\objects\zObjParticle.h">
      <Filter>Header Files\Objects</Filter>
    </ClInclude>
    <ClInclude Include="..\..\..\cpp\headers\zInterface\objects\zObjPointCloud.h">
      <Filter>Header Files\Objects</Filter>
    </ClInclude>
    <ClInclude Include="..\..\..\cpp\headers\zInterface\objects\zObjPointField.h">
      <Filter>Header Files\Objects</Filter>
    </ClInclude>
    <ClInclude Include="..\..\..\cpp\headers\zInterface\objects\zObjSpatialBin.h">
      <Filter>Header Files\Objects</Filter>
    </ClInclude>
  </ItemGroup>
  <ItemGroup>
    <ClCompile Include="..\..\..\cpp\source\zInterface\functionsets\zFn.cpp">
      <Filter>Source Files\FunctionSets</Filter>
    </ClCompile>
    <ClCompile Include="..\..\..\cpp\source\zInterface\functionsets\zFnGraph.cpp">
      <Filter>Source Files\FunctionSets</Filter>
    </ClCompile>
    <ClCompile Include="..\..\..\cpp\source\zInterface\functionsets\zFnGraphDynamics.cpp">
      <Filter>Source Files\FunctionSets</Filter>
    </ClCompile>
    <ClCompile Include="..\..\..\cpp\source\zInterface\functionsets\zFnMesh.cpp">
      <Filter>Source Files\FunctionSets</Filter>
    </ClCompile>
    <ClCompile Include="..\..\..\cpp\source\zInterface\functionsets\zFnMeshDynamics.cpp">
      <Filter>Source Files\FunctionSets</Filter>
    </ClCompile>
    <ClCompile Include="..\..\..\cpp\source\zInterface\functionsets\zFnMeshField.cpp">
      <Filter>Source Files\FunctionSets</Filter>
    </ClCompile>
    <ClCompile Include="..\..\..\cpp\source\zInterface\functionsets\zFnParticle.cpp">
      <Filter>Source Files\FunctionSets</Filter>
    </ClCompile>
    <ClCompile Include="..\..\..\cpp\source\zInterface\functionsets\zFnPointCloud.cpp">
      <Filter>Source Files\FunctionSets</Filter>
    </ClCompile>
    <ClCompile Include="..\..\..\cpp\source\zInterface\functionsets\zFnPointField.cpp">
      <Filter>Source Files\FunctionSets</Filter>
    </ClCompile>
    <ClCompile Include="..\..\..\cpp\source\zInterface\functionsets\zFnSpatialBin.cpp">
      <Filter>Source Files\FunctionSets</Filter>
    </ClCompile>
    <ClCompile Include="..\..\..\cpp\source\zInterface\iterators\zIt.cpp">
      <Filter>Source Files\Iterators</Filter>
    </ClCompile>
    <ClCompile Include="..\..\..\cpp\source\zInterface\iterators\zItGraph.cpp">
      <Filter>Source Files\Iterators</Filter>
    </ClCompile>
    <ClCompile Include="..\..\..\cpp\source\zInterface\iterators\zItMesh.cpp">
      <Filter>Source Files\Iterators</Filter>
    </ClCompile>
    <ClCompile Include="..\..\..\cpp\source\zInterface\iterators\zItMeshField.cpp">
      <Filter>Source Files\Iterators</Filter>
    </ClCompile>
    <ClCompile Include="..\..\..\cpp\source\zInterface\iterators\zItPointCloud.cpp">
      <Filter>Source Files\Iterators</Filter>
    </ClCompile>
    <ClCompile Include="..\..\..\cpp\source\zInterface\iterators\zItPointField.cpp">
      <Filter>Source Files\Iterators</Filter>
    </ClCompile>
    <ClCompile Include="..\..\..\cpp\source\zInterface\model\zModel.cpp">
      <Filter>Source Files\Model</Filter>
    </ClCompile>
    <ClCompile Include="..\..\..\cpp\source\zInterface\objects\zObj.cpp">
      <Filter>Source Files\Objects</Filter>
    </ClCompile>
    <ClCompile Include="..\..\..\cpp\source\zInterface\objects\zObjGraph.cpp">
      <Filter>Source Files\Objects</Filter>
    </ClCompile>
    <ClCompile Include="..\..\..\cpp\source\zInterface\objects\zObjMesh.cpp">
      <Filter>Source Files\Objects</Filter>
    </ClCompile>
    <ClCompile Include="..\..\..\cpp\source\zInterface\objects\zObjMeshField.cpp">
      <Filter>Source Files\Objects</Filter>
    </ClCompile>
    <ClCompile Include="..\..\..\cpp\source\zInterface\objects\zObjParticle.cpp">
      <Filter>Source Files\Objects</Filter>
    </ClCompile>
    <ClCompile Include="..\..\..\cpp\source\zInterface\objects\zObjPointCloud.cpp">
      <Filter>Source Files\Objects</Filter>
    </ClCompile>
    <ClCompile Include="..\..\..\cpp\source\zInterface\objects\zObjPointField.cpp">
      <Filter>Source Files\Objects</Filter>
    </ClCompile>
    <ClCompile Include="..\..\..\cpp\source\zInterface\objects\zObjSpatialBin.cpp">
      <Filter>Source Files\Objects</Filter>
    </ClCompile>
  </ItemGroup>
</Project>