<?xml version="1.0" encoding="utf-8"?>
<Project ToolsVersion="4.0" xmlns="http://schemas.microsoft.com/developer/msbuild/2003">
  <ItemGroup>
    <Filter Include="Source Files">
      <UniqueIdentifier>{4FC737F1-C7A5-4376-A066-2A32D752A2FF}</UniqueIdentifier>
      <Extensions>cpp;c;cc;cxx;def;odl;idl;hpj;bat;asm;asmx</Extensions>
    </Filter>
    <Filter Include="Header Files">
      <UniqueIdentifier>{93995380-89BD-4b04-88EB-625FBE52EBFB}</UniqueIdentifier>
      <Extensions>h;hh;hpp;hxx;hm;inl;inc;ipp;xsd</Extensions>
    </Filter>
    <Filter Include="Resource Files">
      <UniqueIdentifier>{67DA6AB6-F800-4c08-8B7A-83BB121AAD01}</UniqueIdentifier>
      <Extensions>rc;ico;cur;bmp;dlg;rc2;rct;bin;rgs;gif;jpg;jpeg;jpe;resx;tiff;tif;png;wav;mfcribbon-ms</Extensions>
    </Filter>
    <Filter Include="Header Files\core">
      <UniqueIdentifier>{ec87ab1b-e316-4e2e-828f-1048a0c874ed}</UniqueIdentifier>
    </Filter>
    <Filter Include="Header Files\Display">
      <UniqueIdentifier>{9b64b6b0-46ff-45bc-aeb6-5214eaa1c4d1}</UniqueIdentifier>
    </Filter>
    <Filter Include="Header Files\Application">
      <UniqueIdentifier>{4d240831-f272-426b-9e34-7ff3f3e22e7a}</UniqueIdentifier>
    </Filter>
    <Filter Include="Header Files\IO">
      <UniqueIdentifier>{94eb54f1-e7af-4eb8-b96f-2ae0557a1c6d}</UniqueIdentifier>
    </Filter>
    <Filter Include="Header Files\Dynamics">
      <UniqueIdentifier>{c53849cc-42bc-45a0-a123-5bb49f0d5f34}</UniqueIdentifier>
    </Filter>
    <Filter Include="Header Files\Data">
      <UniqueIdentifier>{6f2366cd-364c-45f4-88c8-74b4abe71e59}</UniqueIdentifier>
    </Filter>
    <Filter Include="Header Files\Geometry">
      <UniqueIdentifier>{15d60748-29c8-439b-9bab-2da2cda9fc31}</UniqueIdentifier>
    </Filter>
  </ItemGroup>
  <ItemGroup>
    <ClCompile Include="zSpace.cpp">
      <Filter>Source Files</Filter>
    </ClCompile>
  </ItemGroup>
  <ItemGroup>
    <ClInclude Include="..\headers\core\zDefinitions.h">
      <Filter>Header Files\core</Filter>
    </ClInclude>
    <ClInclude Include="..\headers\core\zEnumerators.h">
      <Filter>Header Files\core</Filter>
    </ClInclude>
    <ClInclude Include="..\headers\core\zMatrix.h">
      <Filter>Header Files\core</Filter>
    </ClInclude>
    <ClInclude Include="..\headers\core\zUtilities.h">
      <Filter>Header Files\core</Filter>
    </ClInclude>
    <ClInclude Include="..\headers\core\zVector.h">
      <Filter>Header Files\core</Filter>
    </ClInclude>
    <ClInclude Include="..\headers\core\zVectorMatrixUtilities.h">
      <Filter>Header Files\core</Filter>
    </ClInclude>
    <ClInclude Include="..\headers\core\zColor.h">
      <Filter>Header Files\core</Filter>
    </ClInclude>
    <ClInclude Include="..\headers\display\zPrintUtilities.h">
      <Filter>Header Files\Display</Filter>
    </ClInclude>
    <ClInclude Include="..\headers\geometry\zGraph.h">
      <Filter>Header Files\Geometry</Filter>
    </ClInclude>
    <ClInclude Include="..\headers\geometry\zGeometryDatatypes.h">
      <Filter>Header Files\Geometry</Filter>
    </ClInclude>
    <ClInclude Include="..\headers\geometry\zMesh.h">
      <Filter>Header Files\Geometry</Filter>
    </ClInclude>
    <ClInclude Include="..\headers\geometry\zGraphUtlities.h">
      <Filter>Header Files\Geometry</Filter>
    </ClInclude>
  </ItemGroup>
</Project>