<?xml version="1.0" encoding="utf-8"?>
<Project ToolsVersion="4.0" xmlns="http://schemas.microsoft.com/developer/msbuild/2003">
  <ItemGroup>
    <Filter Include="Source Files">
      <UniqueIdentifier>{4FC737F1-C7A5-4376-A066-2A32D752A2FF}</UniqueIdentifier>
      <Extensions>cpp;c;cc;cxx;def;odl;idl;hpj;bat;asm;asmx</Extensions>
    </Filter>
    <Filter Include="Header Files">
      <UniqueIdentifier>{93995380-89BD-4b04-88EB-625FBE52EBFB}</UniqueIdentifier>
      <Extensions>h;hh;hpp;hxx;hm;inl;inc;ipp;xsd</Extensions>
    </Filter>
    <Filter Include="Resource Files">
      <UniqueIdentifier>{67DA6AB6-F800-4c08-8B7A-83BB121AAD01}</UniqueIdentifier>
      <Extensions>rc;ico;cur;bmp;dlg;rc2;rct;bin;rgs;gif;jpg;jpeg;jpe;resx;tiff;tif;png;wav;mfcribbon-ms</Extensions>
    </Filter>
    <Filter Include="Header Files\Display">
      <UniqueIdentifier>{9b64b6b0-46ff-45bc-aeb6-5214eaa1c4d1}</UniqueIdentifier>
    </Filter>
    <Filter Include="Header Files\IO">
      <UniqueIdentifier>{94eb54f1-e7af-4eb8-b96f-2ae0557a1c6d}</UniqueIdentifier>
    </Filter>
    <Filter Include="Header Files\Dynamics">
      <UniqueIdentifier>{c53849cc-42bc-45a0-a123-5bb49f0d5f34}</UniqueIdentifier>
    </Filter>
    <Filter Include="Header Files\Data">
      <UniqueIdentifier>{6f2366cd-364c-45f4-88c8-74b4abe71e59}</UniqueIdentifier>
    </Filter>
    <Filter Include="Header Files\Geometry">
      <UniqueIdentifier>{15d60748-29c8-439b-9bab-2da2cda9fc31}</UniqueIdentifier>
    </Filter>
    <Filter Include="Header Files\Core">
      <UniqueIdentifier>{ec87ab1b-e316-4e2e-828f-1048a0c874ed}</UniqueIdentifier>
    </Filter>
    <Filter Include="Header Files\Include">
      <UniqueIdentifier>{7de56bb5-7d03-434f-b695-38dd47b35e72}</UniqueIdentifier>
    </Filter>
    <Filter Include="Header Files\Application">
      <UniqueIdentifier>{5fafa59e-d163-4acc-bcf1-6097d9ea1253}</UniqueIdentifier>
    </Filter>
    <Filter Include="Header Files\Object">
      <UniqueIdentifier>{0fbccf63-2f51-4dfe-920e-66c48afd8fa7}</UniqueIdentifier>
    </Filter>
  </ItemGroup>
  <ItemGroup>
    <ClCompile Include="zSpace.cpp">
      <Filter>Source Files</Filter>
    </ClCompile>
  </ItemGroup>
  <ItemGroup>
    <ClInclude Include="..\headers\core\zDefinitions.h">
      <Filter>Header Files\Core</Filter>
    </ClInclude>
    <ClInclude Include="..\headers\core\zEnumerators.h">
      <Filter>Header Files\Core</Filter>
    </ClInclude>
    <ClInclude Include="..\headers\core\zMatrix.h">
      <Filter>Header Files\Core</Filter>
    </ClInclude>
    <ClInclude Include="..\headers\core\zUtilities.h">
      <Filter>Header Files\Core</Filter>
    </ClInclude>
    <ClInclude Include="..\headers\core\zVector.h">
      <Filter>Header Files\Core</Filter>
    </ClInclude>
    <ClInclude Include="..\headers\core\zVectorMatrixUtilities.h">
      <Filter>Header Files\Core</Filter>
    </ClInclude>
    <ClInclude Include="..\headers\core\zColor.h">
      <Filter>Header Files\Core</Filter>
    </ClInclude>
    <ClInclude Include="..\headers\display\zPrintUtilities.h">
      <Filter>Header Files\Display</Filter>
    </ClInclude>
    <ClInclude Include="..\headers\geometry\zGraph.h">
      <Filter>Header Files\Geometry</Filter>
    </ClInclude>
    <ClInclude Include="..\headers\geometry\zGeometryDatatypes.h">
      <Filter>Header Files\Geometry</Filter>
    </ClInclude>
    <ClInclude Include="..\headers\geometry\zMesh.h">
      <Filter>Header Files\Geometry</Filter>
    </ClInclude>
    <ClInclude Include="..\headers\geometry\zMeshUtilities.h">
      <Filter>Header Files\Geometry</Filter>
    </ClInclude>
    <ClInclude Include="..\headers\geometry\zGraphUtilities.h">
      <Filter>Header Files\Geometry</Filter>
    </ClInclude>
    <ClInclude Include="..\headers\geometry\zMeshModifiers.h">
      <Filter>Header Files\Geometry</Filter>
    </ClInclude>
    <ClInclude Include="..\headers\display\zDisplayUtilities.h">
      <Filter>Header Files\Display</Filter>
    </ClInclude>
    <ClInclude Include="..\headers\display\zBufferObject.h">
      <Filter>Header Files\Display</Filter>
    </ClInclude>
    <ClInclude Include="..\headers\IO\zJSON.h">
      <Filter>Header Files\IO</Filter>
    </ClInclude>
    <ClInclude Include="..\headers\include\zCore.h">
      <Filter>Header Files\Include</Filter>
    </ClInclude>
    <ClInclude Include="..\headers\include\zGeometry.h">
      <Filter>Header Files\Include</Filter>
    </ClInclude>
    <ClInclude Include="..\headers\include\zDisplay.h">
      <Filter>Header Files\Include</Filter>
    </ClInclude>
    <ClInclude Include="..\headers\IO\zExchange.h">
      <Filter>Header Files\IO</Filter>
    </ClInclude>
    <ClInclude Include="..\headers\include\zIO.h">
      <Filter>Header Files\Include</Filter>
    </ClInclude>
    <ClInclude Include="..\headers\data\zDatabase.h">
      <Filter>Header Files\Data</Filter>
    </ClInclude>
    <ClInclude Include="..\headers\include\zData.h">
      <Filter>Header Files\Include</Filter>
    </ClInclude>
    <ClInclude Include="..\headers\data\zOpenstreet.h">
      <Filter>Header Files\Data</Filter>
    </ClInclude>
    <ClInclude Include="..\headers\geometry\zField.h">
      <Filter>Header Files\Geometry</Filter>
    </ClInclude>
    <ClInclude Include="..\headers\geometry\zFieldUtilities.h">
      <Filter>Header Files\Geometry</Filter>
    </ClInclude>
    <ClInclude Include="..\headers\object\zObject.h">
      <Filter>Header Files\Object</Filter>
    </ClInclude>
    <ClInclude Include="..\headers\geometry\zGraphMeshUtilities.h">
      <Filter>Header Files\Geometry</Filter>
    </ClInclude>
    <ClInclude Include="..\headers\application\zPolytopal.h">
      <Filter>Header Files\Application</Filter>
    </ClInclude>
    <ClInclude Include="..\headers\dynamics\zParticle.h">
      <Filter>Header Files\Dynamics</Filter>
    </ClInclude>
    <ClInclude Include="..\headers\include\zDynamics.h">
      <Filter>Header Files\Include</Filter>
    </ClInclude>
    <ClInclude Include="..\headers\dynamics\zDynamicsUtilities.h">
      <Filter>Header Files\Dynamics</Filter>
    </ClInclude>
    <ClInclude Include="..\headers\core\zBinaryTree.h">
      <Filter>Header Files\Core</Filter>
    </ClInclude>
    <ClInclude Include="..\headers\application\zStreamLines.h">
      <Filter>Header Files\Application</Filter>
    </ClInclude>
  </ItemGroup>
</Project>